# This file is autogenerated, do not edit; changes may be undone by the next 'dep ensure'.


[[projects]]
  branch = "master"
  name = "github.com/kolide/kit"
  packages = ["version"]
  revision = "566c8f56a6ff7daba204818fbab0f2cb854b3310"

[solve-meta]
  analyzer-name = "dep"
  analyzer-version = 1
  inputs-digest = "977aa21053c005d7ffecbac195a613fbc70862c7bb18490ac2fa750686d6e767"
  solver-name = "gps-cdcl"
  solver-version = 1
